
Microsoft Visual Studio Solution File, Format Version 12.00
# Visual Studio Version 16
VisualStudioVersion = 16.0.29418.71
MinimumVisualStudioVersion = 10.0.40219.1
Project("{9A19103F-16F7-4668-BE54-9A1E7A4F7556}") = "FlightFinder", "FlightFinder\FlightFinder.csproj", "{1BD60CAA-03DF-4B0F-BF09-98B73E4EF19A}"
EndProject
Global
	GlobalSection(SolutionConfigurationPlatforms) = preSolution
		Debug|Any CPU = Debug|Any CPU
		Release|Any CPU = Release|Any CPU
	EndGlobalSection
	GlobalSection(ProjectConfigurationPlatforms) = postSolution
		{1BD60CAA-03DF-4B0F-BF09-98B73E4EF19A}.Debug|Any CPU.ActiveCfg = Debug|Any CPU
		{1BD60CAA-03DF-4B0F-BF09-98B73E4EF19A}.Debug|Any CPU.Build.0 = Debug|Any CPU
		{1BD60CAA-03DF-4B0F-BF09-98B73E4EF19A}.Release|Any CPU.ActiveCfg = Release|Any CPU
		{1BD60CAA-03DF-4B0F-BF09-98B73E4EF19A}.Release|Any CPU.Build.0 = Release|Any CPU
	EndGlobalSection
	GlobalSection(SolutionProperties) = preSolution
		HideSolutionNode = FALSE
	EndGlobalSection
	GlobalSection(ExtensibilityGlobals) = postSolution
		SolutionGuid = {1286D774-F139-4538-8547-730DF7ADD1BA}
	EndGlobalSection
EndGlobal
